// !$*UTF8*$!
{
	archiveVersion = 1;
	classes = {
	};
	objectVersion = 50;
	objects = {

/* Begin PBXBuildFile section */
		DACDDE9F25FD296700DA9A52 /* AppDelegate.swift in Sources */ = {isa = PBXBuildFile; fileRef = DACDDE9E25FD296700DA9A52 /* AppDelegate.swift */; };
		DACDDEA125FD296700DA9A52 /* SceneDelegate.swift in Sources */ = {isa = PBXBuildFile; fileRef = DACDDEA025FD296700DA9A52 /* SceneDelegate.swift */; };
		DACDDEA325FD296700DA9A52 /* ViewController.swift in Sources */ = {isa = PBXBuildFile; fileRef = DACDDEA225FD296700DA9A52 /* ViewController.swift */; };
		DACDDEA625FD296700DA9A52 /* Main.storyboard in Resources */ = {isa = PBXBuildFile; fileRef = DACDDEA425FD296700DA9A52 /* Main.storyboard */; };
		DACDDEA825FD296900DA9A52 /* Assets.xcassets in Resources */ = {isa = PBXBuildFile; fileRef = DACDDEA725FD296900DA9A52 /* Assets.xcassets */; };
		DACDDEAB25FD296900DA9A52 /* LaunchScreen.storyboard in Resources */ = {isa = PBXBuildFile; fileRef = DACDDEA925FD296900DA9A52 /* LaunchScreen.storyboard */; };
		DACDDEB625FD296A00DA9A52 /* GirlsCodeFestEventAppTests.swift in Sources */ = {isa = PBXBuildFile; fileRef = DACDDEB525FD296A00DA9A52 /* GirlsCodeFestEventAppTests.swift */; };
		DACDDEC125FD296A00DA9A52 /* GirlsCodeFestEventAppUITests.swift in Sources */ = {isa = PBXBuildFile; fileRef = DACDDEC025FD296A00DA9A52 /* GirlsCodeFestEventAppUITests.swift */; };
		DACDDED725FD29E700DA9A52 /* Montserrat-Bold.ttf in Resources */ = {isa = PBXBuildFile; fileRef = DACDDED525FD29E700DA9A52 /* Montserrat-Bold.ttf */; };
		DACDDED825FD29E700DA9A52 /* Montserrat-Regular.ttf in Resources */ = {isa = PBXBuildFile; fileRef = DACDDED625FD29E700DA9A52 /* Montserrat-Regular.ttf */; };
/* End PBXBuildFile section */

/* Begin PBXContainerItemProxy section */
		DACDDEB225FD296A00DA9A52 /* PBXContainerItemProxy */ = {
			isa = PBXContainerItemProxy;
			containerPortal = DACDDE9325FD296700DA9A52 /* Project object */;
			proxyType = 1;
			remoteGlobalIDString = DACDDE9A25FD296700DA9A52;
			remoteInfo = GirlsCodeFestEventApp;
		};
		DACDDEBD25FD296A00DA9A52 /* PBXContainerItemProxy */ = {
			isa = PBXContainerItemProxy;
			containerPortal = DACDDE9325FD296700DA9A52 /* Project object */;
			proxyType = 1;
			remoteGlobalIDString = DACDDE9A25FD296700DA9A52;
			remoteInfo = GirlsCodeFestEventApp;
		};
/* End PBXContainerItemProxy section */

/* Begin PBXFileReference section */
		DACDDE9B25FD296700DA9A52 /* GirlsCodeFestEventApp.app */ = {isa = PBXFileReference; explicitFileType = wrapper.application; includeInIndex = 0; path = GirlsCodeFestEventApp.app; sourceTree = BUILT_PRODUCTS_DIR; };
		DACDDE9E25FD296700DA9A52 /* AppDelegate.swift */ = {isa = PBXFileReference; lastKnownFileType = sourcecode.swift; path = AppDelegate.swift; sourceTree = "<group>"; };
		DACDDEA025FD296700DA9A52 /* SceneDelegate.swift */ = {isa = PBXFileReference; lastKnownFileType = sourcecode.swift; path = SceneDelegate.swift; sourceTree = "<group>"; };
		DACDDEA225FD296700DA9A52 /* ViewController.swift */ = {isa = PBXFileReference; lastKnownFileType = sourcecode.swift; path = ViewController.swift; sourceTree = "<group>"; };
		DACDDEA525FD296700DA9A52 /* Base */ = {isa = PBXFileReference; lastKnownFileType = file.storyboard; name = Base; path = Base.lproj/Main.storyboard; sourceTree = "<group>"; };
		DACDDEA725FD296900DA9A52 /* Assets.xcassets */ = {isa = PBXFileReference; lastKnownFileType = folder.assetcatalog; path = Assets.xcassets; sourceTree = "<group>"; };
		DACDDEAA25FD296900DA9A52 /* Base */ = {isa = PBXFileReference; lastKnownFileType = file.storyboard; name = Base; path = Base.lproj/LaunchScreen.storyboard; sourceTree = "<group>"; };
		DACDDEAC25FD296900DA9A52 /* Info.plist */ = {isa = PBXFileReference; lastKnownFileType = text.plist.xml; path = Info.plist; sourceTree = "<group>"; };
		DACDDEB125FD296A00DA9A52 /* GirlsCodeFestEventAppTests.xctest */ = {isa = PBXFileReference; explicitFileType = wrapper.cfbundle; includeInIndex = 0; path = GirlsCodeFestEventAppTests.xctest; sourceTree = BUILT_PRODUCTS_DIR; };
		DACDDEB525FD296A00DA9A52 /* GirlsCodeFestEventAppTests.swift */ = {isa = PBXFileReference; lastKnownFileType = sourcecode.swift; path = GirlsCodeFestEventAppTests.swift; sourceTree = "<group>"; };
		DACDDEB725FD296A00DA9A52 /* Info.plist */ = {isa = PBXFileReference; lastKnownFileType = text.plist.xml; path = Info.plist; sourceTree = "<group>"; };
		DACDDEBC25FD296A00DA9A52 /* GirlsCodeFestEventAppUITests.xctest */ = {isa = PBXFileReference; explicitFileType = wrapper.cfbundle; includeInIndex = 0; path = GirlsCodeFestEventAppUITests.xctest; sourceTree = BUILT_PRODUCTS_DIR; };
		DACDDEC025FD296A00DA9A52 /* GirlsCodeFestEventAppUITests.swift */ = {isa = PBXFileReference; lastKnownFileType = sourcecode.swift; path = GirlsCodeFestEventAppUITests.swift; sourceTree = "<group>"; };
		DACDDEC225FD296A00DA9A52 /* Info.plist */ = {isa = PBXFileReference; lastKnownFileType = text.plist.xml; path = Info.plist; sourceTree = "<group>"; };
		DACDDED525FD29E700DA9A52 /* Montserrat-Bold.ttf */ = {isa = PBXFileReference; lastKnownFileType = file; path = "Montserrat-Bold.ttf"; sourceTree = "<group>"; };
		DACDDED625FD29E700DA9A52 /* Montserrat-Regular.ttf */ = {isa = PBXFileReference; lastKnownFileType = file; path = "Montserrat-Regular.ttf"; sourceTree = "<group>"; };
/* End PBXFileReference section */

/* Begin PBXFrameworksBuildPhase section */
		DACDDE9825FD296700DA9A52 /* Frameworks */ = {
			isa = PBXFrameworksBuildPhase;
			buildActionMask = 2147483647;
			files = (
			);
			runOnlyForDeploymentPostprocessing = 0;
		};
		DACDDEAE25FD296A00DA9A52 /* Frameworks */ = {
			isa = PBXFrameworksBuildPhase;
			buildActionMask = 2147483647;
			files = (
			);
			runOnlyForDeploymentPostprocessing = 0;
		};
		DACDDEB925FD296A00DA9A52 /* Frameworks */ = {
			isa = PBXFrameworksBuildPhase;
			buildActionMask = 2147483647;
			files = (
			);
			runOnlyForDeploymentPostprocessing = 0;
		};
/* End PBXFrameworksBuildPhase section */

/* Begin PBXGroup section */
		DACDDE9225FD296700DA9A52 = {
			isa = PBXGroup;
			children = (
				DACDDE9D25FD296700DA9A52 /* GirlsCodeFestEventApp */,
				DACDDEB425FD296A00DA9A52 /* GirlsCodeFestEventAppTests */,
				DACDDEBF25FD296A00DA9A52 /* GirlsCodeFestEventAppUITests */,
				DACDDE9C25FD296700DA9A52 /* Products */,
			);
			sourceTree = "<group>";
		};
		DACDDE9C25FD296700DA9A52 /* Products */ = {
			isa = PBXGroup;
			children = (
				DACDDE9B25FD296700DA9A52 /* GirlsCodeFestEventApp.app */,
				DACDDEB125FD296A00DA9A52 /* GirlsCodeFestEventAppTests.xctest */,
				DACDDEBC25FD296A00DA9A52 /* GirlsCodeFestEventAppUITests.xctest */,
			);
			name = Products;
			sourceTree = "<group>";
		};
		DACDDE9D25FD296700DA9A52 /* GirlsCodeFestEventApp */ = {
			isa = PBXGroup;
			children = (
				DACDDED425FD29C800DA9A52 /* Fonts */,
				DACDDE9E25FD296700DA9A52 /* AppDelegate.swift */,
				DACDDEA025FD296700DA9A52 /* SceneDelegate.swift */,
				DACDDEA225FD296700DA9A52 /* ViewController.swift */,
				DACDDEA425FD296700DA9A52 /* Main.storyboard */,
				DACDDEA725FD296900DA9A52 /* Assets.xcassets */,
				DACDDEA925FD296900DA9A52 /* LaunchScreen.storyboard */,
				DACDDEAC25FD296900DA9A52 /* Info.plist */,
			);
			path = GirlsCodeFestEventApp;
			sourceTree = "<group>";
		};
		DACDDEB425FD296A00DA9A52 /* GirlsCodeFestEventAppTests */ = {
			isa = PBXGroup;
			children = (
				DACDDEB525FD296A00DA9A52 /* GirlsCodeFestEventAppTests.swift */,
				DACDDEB725FD296A00DA9A52 /* Info.plist */,
			);
			path = GirlsCodeFestEventAppTests;
			sourceTree = "<group>";
		};
		DACDDEBF25FD296A00DA9A52 /* GirlsCodeFestEventAppUITests */ = {
			isa = PBXGroup;
			children = (
				DACDDEC025FD296A00DA9A52 /* GirlsCodeFestEventAppUITests.swift */,
				DACDDEC225FD296A00DA9A52 /* Info.plist */,
			);
			path = GirlsCodeFestEventAppUITests;
			sourceTree = "<group>";
		};
		DACDDED425FD29C800DA9A52 /* Fonts */ = {
			isa = PBXGroup;
			children = (
				DACDDED525FD29E700DA9A52 /* Montserrat-Bold.ttf */,
				DACDDED625FD29E700DA9A52 /* Montserrat-Regular.ttf */,
			);
			path = Fonts;
			sourceTree = "<group>";
		};
/* End PBXGroup section */

/* Begin PBXNativeTarget section */
		DACDDE9A25FD296700DA9A52 /* GirlsCodeFestEventApp */ = {
			isa = PBXNativeTarget;
			buildConfigurationList = DACDDEC525FD296A00DA9A52 /* Build configuration list for PBXNativeTarget "GirlsCodeFestEventApp" */;
			buildPhases = (
				DACDDE9725FD296700DA9A52 /* Sources */,
				DACDDE9825FD296700DA9A52 /* Frameworks */,
				DACDDE9925FD296700DA9A52 /* Resources */,
			);
			buildRules = (
			);
			dependencies = (
			);
			name = GirlsCodeFestEventApp;
			productName = GirlsCodeFestEventApp;
			productReference = DACDDE9B25FD296700DA9A52 /* GirlsCodeFestEventApp.app */;
			productType = "com.apple.product-type.application";
		};
		DACDDEB025FD296A00DA9A52 /* GirlsCodeFestEventAppTests */ = {
			isa = PBXNativeTarget;
			buildConfigurationList = DACDDEC825FD296A00DA9A52 /* Build configuration list for PBXNativeTarget "GirlsCodeFestEventAppTests" */;
			buildPhases = (
				DACDDEAD25FD296A00DA9A52 /* Sources */,
				DACDDEAE25FD296A00DA9A52 /* Frameworks */,
				DACDDEAF25FD296A00DA9A52 /* Resources */,
			);
			buildRules = (
			);
			dependencies = (
				DACDDEB325FD296A00DA9A52 /* PBXTargetDependency */,
			);
			name = GirlsCodeFestEventAppTests;
			productName = GirlsCodeFestEventAppTests;
			productReference = DACDDEB125FD296A00DA9A52 /* GirlsCodeFestEventAppTests.xctest */;
			productType = "com.apple.product-type.bundle.unit-test";
		};
		DACDDEBB25FD296A00DA9A52 /* GirlsCodeFestEventAppUITests */ = {
			isa = PBXNativeTarget;
			buildConfigurationList = DACDDECB25FD296A00DA9A52 /* Build configuration list for PBXNativeTarget "GirlsCodeFestEventAppUITests" */;
			buildPhases = (
				DACDDEB825FD296A00DA9A52 /* Sources */,
				DACDDEB925FD296A00DA9A52 /* Frameworks */,
				DACDDEBA25FD296A00DA9A52 /* Resources */,
			);
			buildRules = (
			);
			dependencies = (
				DACDDEBE25FD296A00DA9A52 /* PBXTargetDependency */,
			);
			name = GirlsCodeFestEventAppUITests;
			productName = GirlsCodeFestEventAppUITests;
			productReference = DACDDEBC25FD296A00DA9A52 /* GirlsCodeFestEventAppUITests.xctest */;
			productType = "com.apple.product-type.bundle.ui-testing";
		};
/* End PBXNativeTarget section */

/* Begin PBXProject section */
		DACDDE9325FD296700DA9A52 /* Project object */ = {
			isa = PBXProject;
			attributes = {
				LastSwiftUpdateCheck = 1240;
				LastUpgradeCheck = 1240;
				TargetAttributes = {
					DACDDE9A25FD296700DA9A52 = {
						CreatedOnToolsVersion = 12.4;
					};
					DACDDEB025FD296A00DA9A52 = {
						CreatedOnToolsVersion = 12.4;
						TestTargetID = DACDDE9A25FD296700DA9A52;
					};
					DACDDEBB25FD296A00DA9A52 = {
						CreatedOnToolsVersion = 12.4;
						TestTargetID = DACDDE9A25FD296700DA9A52;
					};
				};
			};
			buildConfigurationList = DACDDE9625FD296700DA9A52 /* Build configuration list for PBXProject "GirlsCodeFestEventApp" */;
			compatibilityVersion = "Xcode 9.3";
			developmentRegion = en;
			hasScannedForEncodings = 0;
			knownRegions = (
				en,
				Base,
			);
			mainGroup = DACDDE9225FD296700DA9A52;
			productRefGroup = DACDDE9C25FD296700DA9A52 /* Products */;
			projectDirPath = "";
			projectRoot = "";
			targets = (
				DACDDE9A25FD296700DA9A52 /* GirlsCodeFestEventApp */,
				DACDDEB025FD296A00DA9A52 /* GirlsCodeFestEventAppTests */,
				DACDDEBB25FD296A00DA9A52 /* GirlsCodeFestEventAppUITests */,
			);
		};
/* End PBXProject section */

/* Begin PBXResourcesBuildPhase section */
		DACDDE9925FD296700DA9A52 /* Resources */ = {
			isa = PBXResourcesBuildPhase;
			buildActionMask = 2147483647;
			files = (
				DACDDED725FD29E700DA9A52 /* Montserrat-Bold.ttf in Resources */,
				DACDDEAB25FD296900DA9A52 /* LaunchScreen.storyboard in Resources */,
				DACDDEA825FD296900DA9A52 /* Assets.xcassets in Resources */,
				DACDDED825FD29E700DA9A52 /* Montserrat-Regular.ttf in Resources */,
				DACDDEA625FD296700DA9A52 /* Main.storyboard in Resources */,
			);
			runOnlyForDeploymentPostprocessing = 0;
		};
		DACDDEAF25FD296A00DA9A52 /* Resources */ = {
			isa = PBXResourcesBuildPhase;
			buildActionMask = 2147483647;
			files = (
			);
			runOnlyForDeploymentPostprocessing = 0;
		};
		DACDDEBA25FD296A00DA9A52 /* Resources */ = {
			isa = PBXResourcesBuildPhase;
			buildActionMask = 2147483647;
			files = (
			);
			runOnlyForDeploymentPostprocessing = 0;
		};
/* End PBXResourcesBuildPhase section */

/* Begin PBXSourcesBuildPhase section */
		DACDDE9725FD296700DA9A52 /* Sources */ = {
			isa = PBXSourcesBuildPhase;
			buildActionMask = 2147483647;
			files = (
				DACDDEA325FD296700DA9A52 /* ViewController.swift in Sources */,
				DACDDE9F25FD296700DA9A52 /* AppDelegate.swift in Sources */,
				DACDDEA125FD296700DA9A52 /* SceneDelegate.swift in Sources */,
			);
			runOnlyForDeploymentPostprocessing = 0;
		};
		DACDDEAD25FD296A00DA9A52 /* Sources */ = {
			isa = PBXSourcesBuildPhase;
			buildActionMask = 2147483647;
			files = (
				DACDDEB625FD296A00DA9A52 /* GirlsCodeFestEventAppTests.swift in Sources */,
			);
			runOnlyForDeploymentPostprocessing = 0;
		};
		DACDDEB825FD296A00DA9A52 /* Sources */ = {
			isa = PBXSourcesBuildPhase;
			buildActionMask = 2147483647;
			files = (
				DACDDEC125FD296A00DA9A52 /* GirlsCodeFestEventAppUITests.swift in Sources */,
			);
			runOnlyForDeploymentPostprocessing = 0;
		};
/* End PBXSourcesBuildPhase section */

/* Begin PBXTargetDependency section */
		DACDDEB325FD296A00DA9A52 /* PBXTargetDependency */ = {
			isa = PBXTargetDependency;
			target = DACDDE9A25FD296700DA9A52 /* GirlsCodeFestEventApp */;
			targetProxy = DACDDEB225FD296A00DA9A52 /* PBXContainerItemProxy */;
		};
		DACDDEBE25FD296A00DA9A52 /* PBXTargetDependency */ = {
			isa = PBXTargetDependency;
			target = DACDDE9A25FD296700DA9A52 /* GirlsCodeFestEventApp */;
			targetProxy = DACDDEBD25FD296A00DA9A52 /* PBXContainerItemProxy */;
		};
/* End PBXTargetDependency section */

/* Begin PBXVariantGroup section */
		DACDDEA425FD296700DA9A52 /* Main.storyboard */ = {
			isa = PBXVariantGroup;
			children = (
				DACDDEA525FD296700DA9A52 /* Base */,
			);
			name = Main.storyboard;
			sourceTree = "<group>";
		};
		DACDDEA925FD296900DA9A52 /* LaunchScreen.storyboard */ = {
			isa = PBXVariantGroup;
			children = (
				DACDDEAA25FD296900DA9A52 /* Base */,
			);
			name = LaunchScreen.storyboard;
			sourceTree = "<group>";
		};
/* End PBXVariantGroup section */

/* Begin XCBuildConfiguration section */
		DACDDEC325FD296A00DA9A52 /* Debug */ = {
			isa = XCBuildConfiguration;
			buildSettings = {
				ALWAYS_SEARCH_USER_PATHS = NO;
				CLANG_ANALYZER_NONNULL = YES;
				CLANG_ANALYZER_NUMBER_OBJECT_CONVERSION = YES_AGGRESSIVE;
				CLANG_CXX_LANGUAGE_STANDARD = "gnu++14";
				CLANG_CXX_LIBRARY = "libc++";
				CLANG_ENABLE_MODULES = YES;
				CLANG_ENABLE_OBJC_ARC = YES;
				CLANG_ENABLE_OBJC_WEAK = YES;
				CLANG_WARN_BLOCK_CAPTURE_AUTORELEASING = YES;
				CLANG_WARN_BOOL_CONVERSION = YES;
				CLANG_WARN_COMMA = YES;
				CLANG_WARN_CONSTANT_CONVERSION = YES;
				CLANG_WARN_DEPRECATED_OBJC_IMPLEMENTATIONS = YES;
				CLANG_WARN_DIRECT_OBJC_ISA_USAGE = YES_ERROR;
				CLANG_WARN_DOCUMENTATION_COMMENTS = YES;
				CLANG_WARN_EMPTY_BODY = YES;
				CLANG_WARN_ENUM_CONVERSION = YES;
				CLANG_WARN_INFINITE_RECURSION = YES;
				CLANG_WARN_INT_CONVERSION = YES;
				CLANG_WARN_NON_LITERAL_NULL_CONVERSION = YES;
				CLANG_WARN_OBJC_IMPLICIT_RETAIN_SELF = YES;
				CLANG_WARN_OBJC_LITERAL_CONVERSION = YES;
				CLANG_WARN_OBJC_ROOT_CLASS = YES_ERROR;
				CLANG_WARN_QUOTED_INCLUDE_IN_FRAMEWORK_HEADER = YES;
				CLANG_WARN_RANGE_LOOP_ANALYSIS = YES;
				CLANG_WARN_STRICT_PROTOTYPES = YES;
				CLANG_WARN_SUSPICIOUS_MOVE = YES;
				CLANG_WARN_UNGUARDED_AVAILABILITY = YES_AGGRESSIVE;
				CLANG_WARN_UNREACHABLE_CODE = YES;
				CLANG_WARN__DUPLICATE_METHOD_MATCH = YES;
				COPY_PHASE_STRIP = NO;
				DEBUG_INFORMATION_FORMAT = dwarf;
				ENABLE_STRICT_OBJC_MSGSEND = YES;
				ENABLE_TESTABILITY = YES;
				GCC_C_LANGUAGE_STANDARD = gnu11;
				GCC_DYNAMIC_NO_PIC = NO;
				GCC_NO_COMMON_BLOCKS = YES;
				GCC_OPTIMIZATION_LEVEL = 0;
				GCC_PREPROCESSOR_DEFINITIONS = (
					"DEBUG=1",
					"$(inherited)",
				);
				GCC_WARN_64_TO_32_BIT_CONVERSION = YES;
				GCC_WARN_ABOUT_RETURN_TYPE = YES_ERROR;
				GCC_WARN_UNDECLARED_SELECTOR = YES;
				GCC_WARN_UNINITIALIZED_AUTOS = YES_AGGRESSIVE;
				GCC_WARN_UNUSED_FUNCTION = YES;
				GCC_WARN_UNUSED_VARIABLE = YES;
				IPHONEOS_DEPLOYMENT_TARGET = 14.4;
				MTL_ENABLE_DEBUG_INFO = INCLUDE_SOURCE;
				MTL_FAST_MATH = YES;
				ONLY_ACTIVE_ARCH = YES;
				SDKROOT = iphoneos;
				SWIFT_ACTIVE_COMPILATION_CONDITIONS = DEBUG;
				SWIFT_OPTIMIZATION_LEVEL = "-Onone";
			};
			name = Debug;
		};
		DACDDEC425FD296A00DA9A52 /* Release */ = {
			isa = XCBuildConfiguration;
			buildSettings = {
				ALWAYS_SEARCH_USER_PATHS = NO;
				CLANG_ANALYZER_NONNULL = YES;
				CLANG_ANALYZER_NUMBER_OBJECT_CONVERSION = YES_AGGRESSIVE;
				CLANG_CXX_LANGUAGE_STANDARD = "gnu++14";
				CLANG_CXX_LIBRARY = "libc++";
				CLANG_ENABLE_MODULES = YES;
				CLANG_ENABLE_OBJC_ARC = YES;
				CLANG_ENABLE_OBJC_WEAK = YES;
				CLANG_WARN_BLOCK_CAPTURE_AUTORELEASING = YES;
				CLANG_WARN_BOOL_CONVERSION = YES;
				CLANG_WARN_COMMA = YES;
				CLANG_WARN_CONSTANT_CONVERSION = YES;
				CLANG_WARN_DEPRECATED_OBJC_IMPLEMENTATIONS = YES;
				CLANG_WARN_DIRECT_OBJC_ISA_USAGE = YES_ERROR;
				CLANG_WARN_DOCUMENTATION_COMMENTS = YES;
				CLANG_WARN_EMPTY_BODY = YES;
				CLANG_WARN_ENUM_CONVERSION = YES;
				CLANG_WARN_INFINITE_RECURSION = YES;
				CLANG_WARN_INT_CONVERSION = YES;
				CLANG_WARN_NON_LITERAL_NULL_CONVERSION = YES;
				CLANG_WARN_OBJC_IMPLICIT_RETAIN_SELF = YES;
				CLANG_WARN_OBJC_LITERAL_CONVERSION = YES;
				CLANG_WARN_OBJC_ROOT_CLASS = YES_ERROR;
				CLANG_WARN_QUOTED_INCLUDE_IN_FRAMEWORK_HEADER = YES;
				CLANG_WARN_RANGE_LOOP_ANALYSIS = YES;
				CLANG_WARN_STRICT_PROTOTYPES = YES;
				CLANG_WARN_SUSPICIOUS_MOVE = YES;
				CLANG_WARN_UNGUARDED_AVAILABILITY = YES_AGGRESSIVE;
				CLANG_WARN_UNREACHABLE_CODE = YES;
				CLANG_WARN__DUPLICATE_METHOD_MATCH = YES;
				COPY_PHASE_STRIP = NO;
				DEBUG_INFORMATION_FORMAT = "dwarf-with-dsym";
				ENABLE_NS_ASSERTIONS = NO;
				ENABLE_STRICT_OBJC_MSGSEND = YES;
				GCC_C_LANGUAGE_STANDARD = gnu11;
				GCC_NO_COMMON_BLOCKS = YES;
				GCC_WARN_64_TO_32_BIT_CONVERSION = YES;
				GCC_WARN_ABOUT_RETURN_TYPE = YES_ERROR;
				GCC_WARN_UNDECLARED_SELECTOR = YES;
				GCC_WARN_UNINITIALIZED_AUTOS = YES_AGGRESSIVE;
				GCC_WARN_UNUSED_FUNCTION = YES;
				GCC_WARN_UNUSED_VARIABLE = YES;
				IPHONEOS_DEPLOYMENT_TARGET = 14.4;
				MTL_ENABLE_DEBUG_INFO = NO;
				MTL_FAST_MATH = YES;
				SDKROOT = iphoneos;
				SWIFT_COMPILATION_MODE = wholemodule;
				SWIFT_OPTIMIZATION_LEVEL = "-O";
				VALIDATE_PRODUCT = YES;
			};
			name = Release;
		};
		DACDDEC625FD296A00DA9A52 /* Debug */ = {
			isa = XCBuildConfiguration;
			buildSettings = {
				ASSETCATALOG_COMPILER_APPICON_NAME = AppIcon;
				ASSETCATALOG_COMPILER_GLOBAL_ACCENT_COLOR_NAME = AccentColor;
				CODE_SIGN_STYLE = Automatic;
				DEVELOPMENT_TEAM = RL6Y2DNDRG;
				INFOPLIST_FILE = GirlsCodeFestEventApp/Info.plist;
				LD_RUNPATH_SEARCH_PATHS = (
					"$(inherited)",
					"@executable_path/Frameworks",
				);
				PRODUCT_BUNDLE_IDENTIFIER = girlsCodeFest.GirlsCodeFestEventApp;
				PRODUCT_NAME = "$(TARGET_NAME)";
				SWIFT_VERSION = 5.0;
				TARGETED_DEVICE_FAMILY = "1,2";
			};
			name = Debug;
		};
		DACDDEC725FD296A00DA9A52 /* Release */ = {
			isa = XCBuildConfiguration;
			buildSettings = {
				ASSETCATALOG_COMPILER_APPICON_NAME = AppIcon;
				ASSETCATALOG_COMPILER_GLOBAL_ACCENT_COLOR_NAME = AccentColor;
				CODE_SIGN_STYLE = Automatic;
				DEVELOPMENT_TEAM = RL6Y2DNDRG;
				INFOPLIST_FILE = GirlsCodeFestEventApp/Info.plist;
				LD_RUNPATH_SEARCH_PATHS = (
					"$(inherited)",
					"@executable_path/Frameworks",
				);
				PRODUCT_BUNDLE_IDENTIFIER = girlsCodeFest.GirlsCodeFestEventApp;
				PRODUCT_NAME = "$(TARGET_NAME)";
				SWIFT_VERSION = 5.0;
				TARGETED_DEVICE_FAMILY = "1,2";
			};
			name = Release;
		};
		DACDDEC925FD296A00DA9A52 /* Debug */ = {
			isa = XCBuildConfiguration;
			buildSettings = {
				ALWAYS_EMBED_SWIFT_STANDARD_LIBRARIES = YES;
				BUNDLE_LOADER = "$(TEST_HOST)";
				CODE_SIGN_STYLE = Automatic;
				DEVELOPMENT_TEAM = RL6Y2DNDRG;
				INFOPLIST_FILE = GirlsCodeFestEventAppTests/Info.plist;
				IPHONEOS_DEPLOYMENT_TARGET = 14.4;
				LD_RUNPATH_SEARCH_PATHS = (
					"$(inherited)",
					"@executable_path/Frameworks",
					"@loader_path/Frameworks",
				);
				PRODUCT_BUNDLE_IDENTIFIER = girlsCodeFest.GirlsCodeFestEventAppTests;
				PRODUCT_NAME = "$(TARGET_NAME)";
				SWIFT_VERSION = 5.0;
				TARGETED_DEVICE_FAMILY = "1,2";
				TEST_HOST = "$(BUILT_PRODUCTS_DIR)/GirlsCodeFestEventApp.app/GirlsCodeFestEventApp";
			};
			name = Debug;
		};
		DACDDECA25FD296A00DA9A52 /* Release */ = {
			isa = XCBuildConfiguration;
			buildSettings = {
				ALWAYS_EMBED_SWIFT_STANDARD_LIBRARIES = YES;
				BUNDLE_LOADER = "$(TEST_HOST)";
				CODE_SIGN_STYLE = Automatic;
				DEVELOPMENT_TEAM = RL6Y2DNDRG;
				INFOPLIST_FILE = GirlsCodeFestEventAppTests/Info.plist;
				IPHONEOS_DEPLOYMENT_TARGET = 14.4;
				LD_RUNPATH_SEARCH_PATHS = (
					"$(inherited)",
					"@executable_path/Frameworks",
					"@loader_path/Frameworks",
				);
				PRODUCT_BUNDLE_IDENTIFIER = girlsCodeFest.GirlsCodeFestEventAppTests;
				PRODUCT_NAME = "$(TARGET_NAME)";
				SWIFT_VERSION = 5.0;
				TARGETED_DEVICE_FAMILY = "1,2";
				TEST_HOST = "$(BUILT_PRODUCTS_DIR)/GirlsCodeFestEventApp.app/GirlsCodeFestEventApp";
			};
			name = Release;
		};
		DACDDECC25FD296A00DA9A52 /* Debug */ = {
			isa = XCBuildConfiguration;
			buildSettings = {
				ALWAYS_EMBED_SWIFT_STANDARD_LIBRARIES = YES;
				CODE_SIGN_STYLE = Automatic;
				DEVELOPMENT_TEAM = RL6Y2DNDRG;
				INFOPLIST_FILE = GirlsCodeFestEventAppUITests/Info.plist;
				LD_RUNPATH_SEARCH_PATHS = (
					"$(inherited)",
					"@executable_path/Frameworks",
					"@loader_path/Frameworks",
				);
				PRODUCT_BUNDLE_IDENTIFIER = girlsCodeFest.GirlsCodeFestEventAppUITests;
				PRODUCT_NAME = "$(TARGET_NAME)";
				SWIFT_VERSION = 5.0;
				TARGETED_DEVICE_FAMILY = "1,2";
				TEST_TARGET_NAME = GirlsCodeFestEventApp;
			};
			name = Debug;
		};
		DACDDECD25FD296A00DA9A52 /* Release */ = {
			isa = XCBuildConfiguration;
			buildSettings = {
				ALWAYS_EMBED_SWIFT_STANDARD_LIBRARIES = YES;
				CODE_SIGN_STYLE = Automatic;
				DEVELOPMENT_TEAM = RL6Y2DNDRG;
				INFOPLIST_FILE = GirlsCodeFestEventAppUITests/Info.plist;
				LD_RUNPATH_SEARCH_PATHS = (
					"$(inherited)",
					"@executable_path/Frameworks",
					"@loader_path/Frameworks",
				);
				PRODUCT_BUNDLE_IDENTIFIER = girlsCodeFest.GirlsCodeFestEventAppUITests;
				PRODUCT_NAME = "$(TARGET_NAME)";
				SWIFT_VERSION = 5.0;
				TARGETED_DEVICE_FAMILY = "1,2";
				TEST_TARGET_NAME = GirlsCodeFestEventApp;
			};
			name = Release;
		};
/* End XCBuildConfiguration section */

/* Begin XCConfigurationList section */
		DACDDE9625FD296700DA9A52 /* Build configuration list for PBXProject "GirlsCodeFestEventApp" */ = {
			isa = XCConfigurationList;
			buildConfigurations = (
				DACDDEC325FD296A00DA9A52 /* Debug */,
				DACDDEC425FD296A00DA9A52 /* Release */,
			);
			defaultConfigurationIsVisible = 0;
			defaultConfigurationName = Release;
		};
		DACDDEC525FD296A00DA9A52 /* Build configuration list for PBXNativeTarget "GirlsCodeFestEventApp" */ = {
			isa = XCConfigurationList;
			buildConfigurations = (
				DACDDEC625FD296A00DA9A52 /* Debug */,
				DACDDEC725FD296A00DA9A52 /* Release */,
			);
			defaultConfigurationIsVisible = 0;
			defaultConfigurationName = Release;
		};
		DACDDEC825FD296A00DA9A52 /* Build configuration list for PBXNativeTarget "GirlsCodeFestEventAppTests" */ = {
			isa = XCConfigurationList;
			buildConfigurations = (
				DACDDEC925FD296A00DA9A52 /* Debug */,
				DACDDECA25FD296A00DA9A52 /* Release */,
			);
			defaultConfigurationIsVisible = 0;
			defaultConfigurationName = Release;
		};
		DACDDECB25FD296A00DA9A52 /* Build configuration list for PBXNativeTarget "GirlsCodeFestEventAppUITests" */ = {
			isa = XCConfigurationList;
			buildConfigurations = (
				DACDDECC25FD296A00DA9A52 /* Debug */,
				DACDDECD25FD296A00DA9A52 /* Release */,
			);
			defaultConfigurationIsVisible = 0;
			defaultConfigurationName = Release;
		};
/* End XCConfigurationList section */
	};
	rootObject = DACDDE9325FD296700DA9A52 /* Project object */;
}
